
Microsoft Visual Studio Solution File, Format Version 12.00
Project("{FAE04EC0-301F-11D3-BF4B-00C04F79EFBC}") = "MindBoxApp", "MindBoxApp\MindBoxApp.csproj", "{C9E02920-A944-4CA3-934F-FF2E20EB13B9}"
EndProject
Project("{FAE04EC0-301F-11D3-BF4B-00C04F79EFBC}") = "GeometryFigures", "GeometryFigures\GeometryFigures.csproj", "{0A980FD9-A7AB-42F7-8958-4320C0B3ADD3}"
EndProject
Project("{FAE04EC0-301F-11D3-BF4B-00C04F79EFBC}") = "UnitTest", "UnitTest\UnitTest.csproj", "{818D6F97-2F64-43A6-8777-D7E9FA0F53DC}"
EndProject
Global
	GlobalSection(SolutionConfigurationPlatforms) = preSolution
		Debug|Any CPU = Debug|Any CPU
		Release|Any CPU = Release|Any CPU
	EndGlobalSection
	GlobalSection(ProjectConfigurationPlatforms) = postSolution
		{C9E02920-A944-4CA3-934F-FF2E20EB13B9}.Debug|Any CPU.ActiveCfg = Debug|Any CPU
		{C9E02920-A944-4CA3-934F-FF2E20EB13B9}.Debug|Any CPU.Build.0 = Debug|Any CPU
		{C9E02920-A944-4CA3-934F-FF2E20EB13B9}.Release|Any CPU.ActiveCfg = Release|Any CPU
		{C9E02920-A944-4CA3-934F-FF2E20EB13B9}.Release|Any CPU.Build.0 = Release|Any CPU
		{0A980FD9-A7AB-42F7-8958-4320C0B3ADD3}.Debug|Any CPU.ActiveCfg = Debug|Any CPU
		{0A980FD9-A7AB-42F7-8958-4320C0B3ADD3}.Debug|Any CPU.Build.0 = Debug|Any CPU
		{0A980FD9-A7AB-42F7-8958-4320C0B3ADD3}.Release|Any CPU.ActiveCfg = Release|Any CPU
		{0A980FD9-A7AB-42F7-8958-4320C0B3ADD3}.Release|Any CPU.Build.0 = Release|Any CPU
		{818D6F97-2F64-43A6-8777-D7E9FA0F53DC}.Debug|Any CPU.ActiveCfg = Debug|Any CPU
		{818D6F97-2F64-43A6-8777-D7E9FA0F53DC}.Debug|Any CPU.Build.0 = Debug|Any CPU
		{818D6F97-2F64-43A6-8777-D7E9FA0F53DC}.Release|Any CPU.ActiveCfg = Release|Any CPU
		{818D6F97-2F64-43A6-8777-D7E9FA0F53DC}.Release|Any CPU.Build.0 = Release|Any CPU
	EndGlobalSection
EndGlobal
